<?xml version="1.0" encoding="utf-8"?>
<Project ToolsVersion="4.0" xmlns="http://schemas.microsoft.com/developer/msbuild/2003">
  <ItemGroup>
    <Filter Include="소스 파일">
      <UniqueIdentifier>{4FC737F1-C7A5-4376-A066-2A32D752A2FF}</UniqueIdentifier>
      <Extensions>cpp;c;cc;cxx;c++;cppm;ixx;def;odl;idl;hpj;bat;asm;asmx</Extensions>
    </Filter>
    <Filter Include="헤더 파일">
      <UniqueIdentifier>{93995380-89BD-4b04-88EB-625FBE52EBFB}</UniqueIdentifier>
      <Extensions>h;hh;hpp;hxx;h++;hm;inl;inc;ipp;xsd</Extensions>
    </Filter>
    <Filter Include="리소스 파일">
      <UniqueIdentifier>{67DA6AB6-F800-4c08-8B7A-83BB121AAD01}</UniqueIdentifier>
      <Extensions>rc;ico;cur;bmp;dlg;rc2;rct;bin;rgs;gif;jpg;jpeg;jpe;resx;tiff;tif;png;wav;mfcribbon-ms</Extensions>
    </Filter>
    <Filter Include="소스 파일\core">
      <UniqueIdentifier>{1a7b63a1-6dd8-41eb-b343-f6194b9aa118}</UniqueIdentifier>
    </Filter>
    <Filter Include="소스 파일\core\Timer">
      <UniqueIdentifier>{15c6c626-2e02-464a-a4e7-1236136a3f96}</UniqueIdentifier>
    </Filter>
    <Filter Include="소스 파일\core\Window">
      <UniqueIdentifier>{d1f157ef-a08d-424b-9ff2-8598c113e610}</UniqueIdentifier>
    </Filter>
    <Filter Include="소스 파일\core\Application">
      <UniqueIdentifier>{3601dcce-a6bf-40c0-8a44-c099b7c50d70}</UniqueIdentifier>
    </Filter>
    <Filter Include="소스 파일\Graphics">
      <UniqueIdentifier>{ad555e75-7c42-45d3-ad43-f8c355740fb4}</UniqueIdentifier>
    </Filter>
    <Filter Include="소스 파일\Graphics\Device">
      <UniqueIdentifier>{0ded9b07-1f25-4990-90e6-35a307b5a5cb}</UniqueIdentifier>
    </Filter>
    <Filter Include="소스 파일\Graphics\CommandQueue">
      <UniqueIdentifier>{f4ae0e78-7370-46f7-aad8-b7deba58bcc9}</UniqueIdentifier>
    </Filter>
    <Filter Include="소스 파일\Graphics\SwapChain">
      <UniqueIdentifier>{6b899fe3-5bc6-4558-bad2-34ea9fefe4e0}</UniqueIdentifier>
    </Filter>
  </ItemGroup>
  <ItemGroup>
    <ClInclude Include="framework.h">
      <Filter>헤더 파일</Filter>
    </ClInclude>
    <ClInclude Include="pch.h">
      <Filter>헤더 파일</Filter>
    </ClInclude>
    <ClInclude Include="Timer.h">
      <Filter>소스 파일\core\Timer</Filter>
    </ClInclude>
    <ClInclude Include="Window.h">
      <Filter>소스 파일\core\Window</Filter>
    </ClInclude>
    <ClInclude Include="Application.h">
      <Filter>소스 파일\core\Application</Filter>
    </ClInclude>
    <ClInclude Include="Device.h">
      <Filter>소스 파일\Graphics\Device</Filter>
    </ClInclude>
    <ClInclude Include="Fence.h">
      <Filter>소스 파일\Graphics\CommandQueue</Filter>
    </ClInclude>
    <ClInclude Include="CommandQueue.h">
      <Filter>소스 파일\Graphics\CommandQueue</Filter>
    </ClInclude>
    <ClInclude Include="SwapChain.h">
      <Filter>소스 파일\Graphics\SwapChain</Filter>
    </ClInclude>
  </ItemGroup>
  <ItemGroup>
    <ClCompile Include="Engine.cpp">
      <Filter>소스 파일</Filter>
    </ClCompile>
    <ClCompile Include="pch.cpp">
      <Filter>소스 파일</Filter>
    </ClCompile>
    <ClCompile Include="Timer.cpp">
      <Filter>소스 파일\core\Timer</Filter>
    </ClCompile>
    <ClCompile Include="Window.cpp">
      <Filter>소스 파일\core\Window</Filter>
    </ClCompile>
    <ClCompile Include="Application.cpp">
      <Filter>소스 파일\core\Application</Filter>
    </ClCompile>
    <ClCompile Include="Device.cpp">
      <Filter>소스 파일\Graphics\Device</Filter>
    </ClCompile>
    <ClCompile Include="Fence.cpp">
      <Filter>소스 파일\Graphics\CommandQueue</Filter>
    </ClCompile>
    <ClCompile Include="CommandQueue.cpp">
      <Filter>소스 파일\Graphics\CommandQueue</Filter>
    </ClCompile>
    <ClCompile Include="SwapChain.cpp">
      <Filter>소스 파일\Graphics\SwapChain</Filter>
    </ClCompile>
  </ItemGroup>
</Project>